
Microsoft Visual Studio Solution File, Format Version 12.00
# Visual Studio Version 17
VisualStudioVersion = 17.6.33723.286
MinimumVisualStudioVersion = 10.0.40219.1
Project("{FAE04EC0-301F-11D3-BF4B-00C04F79EFBC}") = "LearnC#", "LearnC#\LearnC#.csproj", "{BB85462F-204E-435C-9D3E-6986CC8D2EFD}"
EndProject
Project("{FAE04EC0-301F-11D3-BF4B-00C04F79EFBC}") = "LearnLINQ", "LearnLINQ\LearnLINQ.csproj", "{0E00CF5E-26AA-4164-A9E0-A0AF00422847}"
EndProject
Project("{FAE04EC0-301F-11D3-BF4B-00C04F79EFBC}") = "LearnEFCore", "LearnEFCore\LearnEFCore.csproj", "{FC228719-DCCF-48A7-B69E-44DE6690C605}"
EndProject
Project("{FAE04EC0-301F-11D3-BF4B-00C04F79EFBC}") = "LearnSQLSugar", "LearnSQLSugar\LearnSQLSugar.csproj", "{50589CEF-9DAD-41BA-A4D7-EC29C8437ECB}"
EndProject
Global
	GlobalSection(SolutionConfigurationPlatforms) = preSolution
		Debug|Any CPU = Debug|Any CPU
		Release|Any CPU = Release|Any CPU
	EndGlobalSection
	GlobalSection(ProjectConfigurationPlatforms) = postSolution
		{BB85462F-204E-435C-9D3E-6986CC8D2EFD}.Debug|Any CPU.ActiveCfg = Debug|Any CPU
		{BB85462F-204E-435C-9D3E-6986CC8D2EFD}.Debug|Any CPU.Build.0 = Debug|Any CPU
		{BB85462F-204E-435C-9D3E-6986CC8D2EFD}.Release|Any CPU.ActiveCfg = Release|Any CPU
		{BB85462F-204E-435C-9D3E-6986CC8D2EFD}.Release|Any CPU.Build.0 = Release|Any CPU
		{0E00CF5E-26AA-4164-A9E0-A0AF00422847}.Debug|Any CPU.ActiveCfg = Debug|Any CPU
		{0E00CF5E-26AA-4164-A9E0-A0AF00422847}.Debug|Any CPU.Build.0 = Debug|Any CPU
		{0E00CF5E-26AA-4164-A9E0-A0AF00422847}.Release|Any CPU.ActiveCfg = Release|Any CPU
		{0E00CF5E-26AA-4164-A9E0-A0AF00422847}.Release|Any CPU.Build.0 = Release|Any CPU
		{FC228719-DCCF-48A7-B69E-44DE6690C605}.Debug|Any CPU.ActiveCfg = Debug|Any CPU
		{FC228719-DCCF-48A7-B69E-44DE6690C605}.Debug|Any CPU.Build.0 = Debug|Any CPU
		{FC228719-DCCF-48A7-B69E-44DE6690C605}.Release|Any CPU.ActiveCfg = Release|Any CPU
		{FC228719-DCCF-48A7-B69E-44DE6690C605}.Release|Any CPU.Build.0 = Release|Any CPU
		{50589CEF-9DAD-41BA-A4D7-EC29C8437ECB}.Debug|Any CPU.ActiveCfg = Debug|Any CPU
		{50589CEF-9DAD-41BA-A4D7-EC29C8437ECB}.Debug|Any CPU.Build.0 = Debug|Any CPU
		{50589CEF-9DAD-41BA-A4D7-EC29C8437ECB}.Release|Any CPU.ActiveCfg = Release|Any CPU
		{50589CEF-9DAD-41BA-A4D7-EC29C8437ECB}.Release|Any CPU.Build.0 = Release|Any CPU
	EndGlobalSection
	GlobalSection(SolutionProperties) = preSolution
		HideSolutionNode = FALSE
	EndGlobalSection
	GlobalSection(ExtensibilityGlobals) = postSolution
		SolutionGuid = {27EF2E7A-75A6-413A-A21D-12B2FD1A9663}
	EndGlobalSection
EndGlobal
